
Microsoft Visual Studio Solution File, Format Version 12.00
# Visual Studio Version 16
VisualStudioVersion = 16.0.29709.97
MinimumVisualStudioVersion = 10.0.40219.1
Project("{FAE04EC0-301F-11D3-BF4B-00C04F79EFBC}") = "sunriseSunsetAPI", "sunriseSunsetAPI\sunriseSunsetAPI.csproj", "{5CED8AEC-77ED-479A-AA8E-AD7952F07695}"
EndProject
Global
	GlobalSection(SolutionConfigurationPlatforms) = preSolution
		Debug|Any CPU = Debug|Any CPU
		Release|Any CPU = Release|Any CPU
	EndGlobalSection
	GlobalSection(ProjectConfigurationPlatforms) = postSolution
		{5CED8AEC-77ED-479A-AA8E-AD7952F07695}.Debug|Any CPU.ActiveCfg = Debug|Any CPU
		{5CED8AEC-77ED-479A-AA8E-AD7952F07695}.Debug|Any CPU.Build.0 = Debug|Any CPU
		{5CED8AEC-77ED-479A-AA8E-AD7952F07695}.Release|Any CPU.ActiveCfg = Release|Any CPU
		{5CED8AEC-77ED-479A-AA8E-AD7952F07695}.Release|Any CPU.Build.0 = Release|Any CPU
	EndGlobalSection
	GlobalSection(SolutionProperties) = preSolution
		HideSolutionNode = FALSE
	EndGlobalSection
	GlobalSection(ExtensibilityGlobals) = postSolution
		SolutionGuid = {54749549-3990-4715-BB90-44F18AB0462F}
	EndGlobalSection
EndGlobal
